
Microsoft Visual Studio Solution File, Format Version 12.00
# Visual Studio 15
VisualStudioVersion = 15.0.27130.2036
MinimumVisualStudioVersion = 10.0.40219.1
Project("{8BC9CEB8-8B4A-11D0-8D11-00A0C91BC942}") = "Research_SCA", "Research_SCA\Research_SCA.vcxproj", "{4F68BB93-8197-4E83-BE53-21E5203E4445}"
EndProject
Global
	GlobalSection(SolutionConfigurationPlatforms) = preSolution
		Debug|x64 = Debug|x64
		Debug|x86 = Debug|x86
		Release|x64 = Release|x64
		Release|x86 = Release|x86
	EndGlobalSection
	GlobalSection(ProjectConfigurationPlatforms) = postSolution
		{4F68BB93-8197-4E83-BE53-21E5203E4445}.Debug|x64.ActiveCfg = Debug|x64
		{4F68BB93-8197-4E83-BE53-21E5203E4445}.Debug|x64.Build.0 = Debug|x64
		{4F68BB93-8197-4E83-BE53-21E5203E4445}.Debug|x86.ActiveCfg = Debug|Win32
		{4F68BB93-8197-4E83-BE53-21E5203E4445}.Debug|x86.Build.0 = Debug|Win32
		{4F68BB93-8197-4E83-BE53-21E5203E4445}.Release|x64.ActiveCfg = Release|x64
		{4F68BB93-8197-4E83-BE53-21E5203E4445}.Release|x64.Build.0 = Release|x64
		{4F68BB93-8197-4E83-BE53-21E5203E4445}.Release|x86.ActiveCfg = Release|Win32
		{4F68BB93-8197-4E83-BE53-21E5203E4445}.Release|x86.Build.0 = Release|Win32
	EndGlobalSection
	GlobalSection(SolutionProperties) = preSolution
		HideSolutionNode = FALSE
	EndGlobalSection
	GlobalSection(ExtensibilityGlobals) = postSolution
		SolutionGuid = {DF494FC9-D096-4C72-BBF3-A850A84210DB}
	EndGlobalSection
EndGlobal
